// !$*UTF8*$!
{
	archiveVersion = 1;
	classes = {
	};
	objectVersion = 46;
	objects = {

/* Begin PBXBuildFile section */
		F3D45F3F1C0FB4B3002F31A6 /* AppDelegate.swift in Sources */ = {isa = PBXBuildFile; fileRef = F3D45F3E1C0FB4B3002F31A6 /* AppDelegate.swift */; };
		F3D45F411C0FB4B3002F31A6 /* ViewController.swift in Sources */ = {isa = PBXBuildFile; fileRef = F3D45F401C0FB4B3002F31A6 /* ViewController.swift */; };
		F3D45F441C0FB4B3002F31A6 /* Main.storyboard in Resources */ = {isa = PBXBuildFile; fileRef = F3D45F421C0FB4B3002F31A6 /* Main.storyboard */; };
		F3D45F461C0FB4B3002F31A6 /* Assets.xcassets in Resources */ = {isa = PBXBuildFile; fileRef = F3D45F451C0FB4B3002F31A6 /* Assets.xcassets */; };
		F3D45F491C0FB4B3002F31A6 /* LaunchScreen.storyboard in Resources */ = {isa = PBXBuildFile; fileRef = F3D45F471C0FB4B3002F31A6 /* LaunchScreen.storyboard */; };
		F3D45F6A1C10027D002F31A6 /* ManagedObject.swift in Sources */ = {isa = PBXBuildFile; fileRef = F3D45F661C10027D002F31A6 /* ManagedObject.swift */; };
		F3D45F6B1C10027D002F31A6 /* Mood.swift in Sources */ = {isa = PBXBuildFile; fileRef = F3D45F671C10027D002F31A6 /* Mood.swift */; };
		F3D45F6C1C10027D002F31A6 /* Moods.xcdatamodeld in Sources */ = {isa = PBXBuildFile; fileRef = F3D45F681C10027D002F31A6 /* Moods.xcdatamodeld */; };
		F3D45F6E1C100473002F31A6 /* MoodsStack.swift in Sources */ = {isa = PBXBuildFile; fileRef = F3D45F6D1C100472002F31A6 /* MoodsStack.swift */; };
/* End PBXBuildFile section */

/* Begin PBXFileReference section */
		F3D45F3B1C0FB4B3002F31A6 /* Moods.app */ = {isa = PBXFileReference; explicitFileType = wrapper.application; includeInIndex = 0; path = Moods.app; sourceTree = BUILT_PRODUCTS_DIR; };
		F3D45F3E1C0FB4B3002F31A6 /* AppDelegate.swift */ = {isa = PBXFileReference; lastKnownFileType = sourcecode.swift; path = AppDelegate.swift; sourceTree = "<group>"; };
		F3D45F401C0FB4B3002F31A6 /* ViewController.swift */ = {isa = PBXFileReference; lastKnownFileType = sourcecode.swift; path = ViewController.swift; sourceTree = "<group>"; };
		F3D45F431C0FB4B3002F31A6 /* Base */ = {isa = PBXFileReference; lastKnownFileType = file.storyboard; name = Base; path = Base.lproj/Main.storyboard; sourceTree = "<group>"; };
		F3D45F451C0FB4B3002F31A6 /* Assets.xcassets */ = {isa = PBXFileReference; lastKnownFileType = folder.assetcatalog; path = Assets.xcassets; sourceTree = "<group>"; };
		F3D45F481C0FB4B3002F31A6 /* Base */ = {isa = PBXFileReference; lastKnownFileType = file.storyboard; name = Base; path = Base.lproj/LaunchScreen.storyboard; sourceTree = "<group>"; };
		F3D45F4A1C0FB4B3002F31A6 /* Info.plist */ = {isa = PBXFileReference; lastKnownFileType = text.plist.xml; path = Info.plist; sourceTree = "<group>"; };
		F3D45F661C10027D002F31A6 /* ManagedObject.swift */ = {isa = PBXFileReference; fileEncoding = 4; lastKnownFileType = sourcecode.swift; path = ManagedObject.swift; sourceTree = "<group>"; };
		F3D45F671C10027D002F31A6 /* Mood.swift */ = {isa = PBXFileReference; fileEncoding = 4; lastKnownFileType = sourcecode.swift; path = Mood.swift; sourceTree = "<group>"; };
		F3D45F691C10027D002F31A6 /* Mood.xcdatamodel */ = {isa = PBXFileReference; lastKnownFileType = wrapper.xcdatamodel; path = Mood.xcdatamodel; sourceTree = "<group>"; };
		F3D45F6D1C100472002F31A6 /* MoodsStack.swift */ = {isa = PBXFileReference; fileEncoding = 4; lastKnownFileType = sourcecode.swift; path = MoodsStack.swift; sourceTree = "<group>"; };
/* End PBXFileReference section */

/* Begin PBXFrameworksBuildPhase section */
		F3D45F381C0FB4B3002F31A6 /* Frameworks */ = {
			isa = PBXFrameworksBuildPhase;
			buildActionMask = 2147483647;
			files = (
			);
			runOnlyForDeploymentPostprocessing = 0;
		};
/* End PBXFrameworksBuildPhase section */

/* Begin PBXGroup section */
		F3D45F321C0FB4B3002F31A6 = {
			isa = PBXGroup;
			children = (
				F3D45F651C10027D002F31A6 /* Model */,
				F3D45F3D1C0FB4B3002F31A6 /* Moods */,
				F3D45F3C1C0FB4B3002F31A6 /* Products */,
			);
			sourceTree = "<group>";
		};
		F3D45F3C1C0FB4B3002F31A6 /* Products */ = {
			isa = PBXGroup;
			children = (
				F3D45F3B1C0FB4B3002F31A6 /* Moods.app */,
			);
			name = Products;
			sourceTree = "<group>";
		};
		F3D45F3D1C0FB4B3002F31A6 /* Moods */ = {
			isa = PBXGroup;
			children = (
				F3D45F3E1C0FB4B3002F31A6 /* AppDelegate.swift */,
				F3D45F401C0FB4B3002F31A6 /* ViewController.swift */,
				F3D45F421C0FB4B3002F31A6 /* Main.storyboard */,
				F3D45F451C0FB4B3002F31A6 /* Assets.xcassets */,
				F3D45F471C0FB4B3002F31A6 /* LaunchScreen.storyboard */,
				F3D45F4A1C0FB4B3002F31A6 /* Info.plist */,
			);
			path = Moods;
			sourceTree = "<group>";
		};
		F3D45F651C10027D002F31A6 /* Model */ = {
			isa = PBXGroup;
			children = (
				F3D45F661C10027D002F31A6 /* ManagedObject.swift */,
				F3D45F671C10027D002F31A6 /* Mood.swift */,
				F3D45F681C10027D002F31A6 /* Moods.xcdatamodeld */,
				F3D45F6D1C100472002F31A6 /* MoodsStack.swift */,
			);
			name = Model;
			path = Moods/Model;
			sourceTree = "<group>";
		};
/* End PBXGroup section */

/* Begin PBXNativeTarget section */
		F3D45F3A1C0FB4B3002F31A6 /* Moods */ = {
			isa = PBXNativeTarget;
			buildConfigurationList = F3D45F4D1C0FB4B3002F31A6 /* Build configuration list for PBXNativeTarget "Moods" */;
			buildPhases = (
				F3D45F371C0FB4B3002F31A6 /* Sources */,
				F3D45F381C0FB4B3002F31A6 /* Frameworks */,
				F3D45F391C0FB4B3002F31A6 /* Resources */,
			);
			buildRules = (
			);
			dependencies = (
			);
			name = Moods;
			productName = Moods;
			productReference = F3D45F3B1C0FB4B3002F31A6 /* Moods.app */;
			productType = "com.apple.product-type.application";
		};
/* End PBXNativeTarget section */

/* Begin PBXProject section */
		F3D45F331C0FB4B3002F31A6 /* Project object */ = {
			isa = PBXProject;
			attributes = {
				LastSwiftUpdateCheck = 0710;
				LastUpgradeCheck = 0710;
				ORGANIZATIONNAME = Incipia;
				TargetAttributes = {
					F3D45F3A1C0FB4B3002F31A6 = {
						CreatedOnToolsVersion = 7.1.1;
						DevelopmentTeam = 49BYD5B64K;
					};
				};
			};
			buildConfigurationList = F3D45F361C0FB4B3002F31A6 /* Build configuration list for PBXProject "Moods" */;
			compatibilityVersion = "Xcode 3.2";
			developmentRegion = English;
			hasScannedForEncodings = 0;
			knownRegions = (
				en,
				Base,
			);
			mainGroup = F3D45F321C0FB4B3002F31A6;
			productRefGroup = F3D45F3C1C0FB4B3002F31A6 /* Products */;
			projectDirPath = "";
			projectRoot = "";
			targets = (
				F3D45F3A1C0FB4B3002F31A6 /* Moods */,
			);
		};
/* End PBXProject section */

/* Begin PBXResourcesBuildPhase section */
		F3D45F391C0FB4B3002F31A6 /* Resources */ = {
			isa = PBXResourcesBuildPhase;
			buildActionMask = 2147483647;
			files = (
				F3D45F491C0FB4B3002F31A6 /* LaunchScreen.storyboard in Resources */,
				F3D45F461C0FB4B3002F31A6 /* Assets.xcassets in Resources */,
				F3D45F441C0FB4B3002F31A6 /* Main.storyboard in Resources */,
			);
			runOnlyForDeploymentPostprocessing = 0;
		};
/* End PBXResourcesBuildPhase section */

/* Begin PBXSourcesBuildPhase section */
		F3D45F371C0FB4B3002F31A6 /* Sources */ = {
			isa = PBXSourcesBuildPhase;
			buildActionMask = 2147483647;
			files = (
				F3D45F6C1C10027D002F31A6 /* Moods.xcdatamodeld in Sources */,
				F3D45F6E1C100473002F31A6 /* MoodsStack.swift in Sources */,
				F3D45F6B1C10027D002F31A6 /* Mood.swift in Sources */,
				F3D45F411C0FB4B3002F31A6 /* ViewController.swift in Sources */,
				F3D45F3F1C0FB4B3002F31A6 /* AppDelegate.swift in Sources */,
				F3D45F6A1C10027D002F31A6 /* ManagedObject.swift in Sources */,
			);
			runOnlyForDeploymentPostprocessing = 0;
		};
/* End PBXSourcesBuildPhase section */

/* Begin PBXVariantGroup section */
		F3D45F421C0FB4B3002F31A6 /* Main.storyboard */ = {
			isa = PBXVariantGroup;
			children = (
				F3D45F431C0FB4B3002F31A6 /* Base */,
			);
			name = Main.storyboard;
			sourceTree = "<group>";
		};
		F3D45F471C0FB4B3002F31A6 /* LaunchScreen.storyboard */ = {
			isa = PBXVariantGroup;
			children = (
				F3D45F481C0FB4B3002F31A6 /* Base */,
			);
			name = LaunchScreen.storyboard;
			sourceTree = "<group>";
		};
/* End PBXVariantGroup section */

/* Begin XCBuildConfiguration section */
		F3D45F4B1C0FB4B3002F31A6 /* Debug */ = {
			isa = XCBuildConfiguration;
			buildSettings = {
				ALWAYS_SEARCH_USER_PATHS = NO;
				CLANG_CXX_LANGUAGE_STANDARD = "gnu++0x";
				CLANG_CXX_LIBRARY = "libc++";
				CLANG_ENABLE_MODULES = YES;
				CLANG_ENABLE_OBJC_ARC = YES;
				CLANG_WARN_BOOL_CONVERSION = YES;
				CLANG_WARN_CONSTANT_CONVERSION = YES;
				CLANG_WARN_DIRECT_OBJC_ISA_USAGE = YES_ERROR;
				CLANG_WARN_EMPTY_BODY = YES;
				CLANG_WARN_ENUM_CONVERSION = YES;
				CLANG_WARN_INT_CONVERSION = YES;
				CLANG_WARN_OBJC_ROOT_CLASS = YES_ERROR;
				CLANG_WARN_UNREACHABLE_CODE = YES;
				CLANG_WARN__DUPLICATE_METHOD_MATCH = YES;
				"CODE_SIGN_IDENTITY[sdk=iphoneos*]" = "iPhone Developer";
				COPY_PHASE_STRIP = NO;
				DEBUG_INFORMATION_FORMAT = dwarf;
				ENABLE_STRICT_OBJC_MSGSEND = YES;
				ENABLE_TESTABILITY = YES;
				GCC_C_LANGUAGE_STANDARD = gnu99;
				GCC_DYNAMIC_NO_PIC = NO;
				GCC_NO_COMMON_BLOCKS = YES;
				GCC_OPTIMIZATION_LEVEL = 0;
				GCC_PREPROCESSOR_DEFINITIONS = (
					"DEBUG=1",
					"$(inherited)",
				);
				GCC_WARN_64_TO_32_BIT_CONVERSION = YES;
				GCC_WARN_ABOUT_RETURN_TYPE = YES_ERROR;
				GCC_WARN_UNDECLARED_SELECTOR = YES;
				GCC_WARN_UNINITIALIZED_AUTOS = YES_AGGRESSIVE;
				GCC_WARN_UNUSED_FUNCTION = YES;
				GCC_WARN_UNUSED_VARIABLE = YES;
				IPHONEOS_DEPLOYMENT_TARGET = 9.1;
				MTL_ENABLE_DEBUG_INFO = YES;
				ONLY_ACTIVE_ARCH = YES;
				SDKROOT = iphoneos;
				SWIFT_OPTIMIZATION_LEVEL = "-Onone";
			};
			name = Debug;
		};
		F3D45F4C1C0FB4B3002F31A6 /* Release */ = {
			isa = XCBuildConfiguration;
			buildSettings = {
				ALWAYS_SEARCH_USER_PATHS = NO;
				CLANG_CXX_LANGUAGE_STANDARD = "gnu++0x";
				CLANG_CXX_LIBRARY = "libc++";
				CLANG_ENABLE_MODULES = YES;
				CLANG_ENABLE_OBJC_ARC = YES;
				CLANG_WARN_BOOL_CONVERSION = YES;
				CLANG_WARN_CONSTANT_CONVERSION = YES;
				CLANG_WARN_DIRECT_OBJC_ISA_USAGE = YES_ERROR;
				CLANG_WARN_EMPTY_BODY = YES;
				CLANG_WARN_ENUM_CONVERSION = YES;
				CLANG_WARN_INT_CONVERSION = YES;
				CLANG_WARN_OBJC_ROOT_CLASS = YES_ERROR;
				CLANG_WARN_UNREACHABLE_CODE = YES;
				CLANG_WARN__DUPLICATE_METHOD_MATCH = YES;
				"CODE_SIGN_IDENTITY[sdk=iphoneos*]" = "iPhone Developer";
				COPY_PHASE_STRIP = NO;
				DEBUG_INFORMATION_FORMAT = "dwarf-with-dsym";
				ENABLE_NS_ASSERTIONS = NO;
				ENABLE_STRICT_OBJC_MSGSEND = YES;
				GCC_C_LANGUAGE_STANDARD = gnu99;
				GCC_NO_COMMON_BLOCKS = YES;
				GCC_WARN_64_TO_32_BIT_CONVERSION = YES;
				GCC_WARN_ABOUT_RETURN_TYPE = YES_ERROR;
				GCC_WARN_UNDECLARED_SELECTOR = YES;
				GCC_WARN_UNINITIALIZED_AUTOS = YES_AGGRESSIVE;
				GCC_WARN_UNUSED_FUNCTION = YES;
				GCC_WARN_UNUSED_VARIABLE = YES;
				IPHONEOS_DEPLOYMENT_TARGET = 9.1;
				MTL_ENABLE_DEBUG_INFO = NO;
				SDKROOT = iphoneos;
				VALIDATE_PRODUCT = YES;
			};
			name = Release;
		};
		F3D45F4E1C0FB4B3002F31A6 /* Debug */ = {
			isa = XCBuildConfiguration;
			buildSettings = {
				ASSETCATALOG_COMPILER_APPICON_NAME = AppIcon;
				CODE_SIGN_IDENTITY = "iPhone Developer";
				INFOPLIST_FILE = Moods/Info.plist;
				LD_RUNPATH_SEARCH_PATHS = "$(inherited) @executable_path/Frameworks";
				PRODUCT_BUNDLE_IDENTIFIER = com.incipia.Moods;
				PRODUCT_NAME = "$(TARGET_NAME)";
			};
			name = Debug;
		};
		F3D45F4F1C0FB4B3002F31A6 /* Release */ = {
			isa = XCBuildConfiguration;
			buildSettings = {
				ASSETCATALOG_COMPILER_APPICON_NAME = AppIcon;
				CODE_SIGN_IDENTITY = "iPhone Developer";
				INFOPLIST_FILE = Moods/Info.plist;
				LD_RUNPATH_SEARCH_PATHS = "$(inherited) @executable_path/Frameworks";
				PRODUCT_BUNDLE_IDENTIFIER = com.incipia.Moods;
				PRODUCT_NAME = "$(TARGET_NAME)";
			};
			name = Release;
		};
/* End XCBuildConfiguration section */

/* Begin XCConfigurationList section */
		F3D45F361C0FB4B3002F31A6 /* Build configuration list for PBXProject "Moods" */ = {
			isa = XCConfigurationList;
			buildConfigurations = (
				F3D45F4B1C0FB4B3002F31A6 /* Debug */,
				F3D45F4C1C0FB4B3002F31A6 /* Release */,
			);
			defaultConfigurationIsVisible = 0;
			defaultConfigurationName = Release;
		};
		F3D45F4D1C0FB4B3002F31A6 /* Build configuration list for PBXNativeTarget "Moods" */ = {
			isa = XCConfigurationList;
			buildConfigurations = (
				F3D45F4E1C0FB4B3002F31A6 /* Debug */,
				F3D45F4F1C0FB4B3002F31A6 /* Release */,
			);
			defaultConfigurationIsVisible = 0;
			defaultConfigurationName = Release;
		};
/* End XCConfigurationList section */

/* Begin XCVersionGroup section */
		F3D45F681C10027D002F31A6 /* Moods.xcdatamodeld */ = {
			isa = XCVersionGroup;
			children = (
				F3D45F691C10027D002F31A6 /* Mood.xcdatamodel */,
			);
			currentVersion = F3D45F691C10027D002F31A6 /* Mood.xcdatamodel */;
			path = Moods.xcdatamodeld;
			sourceTree = "<group>";
			versionGroupType = wrapper.xcdatamodel;
		};
/* End XCVersionGroup section */
	};
	rootObject = F3D45F331C0FB4B3002F31A6 /* Project object */;
}
